
Microsoft Visual Studio Solution File, Format Version 12.00
# Visual Studio Version 17
VisualStudioVersion = 17.0.32014.148
MinimumVisualStudioVersion = 10.0.40219.1
Project("{9A19103F-16F7-4668-BE54-9A1E7A4F7556}") = "FirestoreLINQ", "FirestoreLINQ\FirestoreLINQ.csproj", "{A6355CF0-4771-4141-9A79-4AC0C173E7BE}"
EndProject
Project("{9A19103F-16F7-4668-BE54-9A1E7A4F7556}") = "TestCases", "TestCases\TestCases.csproj", "{57CE4032-4469-4B84-B497-5677477C513D}"
EndProject
Global
	GlobalSection(SolutionConfigurationPlatforms) = preSolution
		Debug|Any CPU = Debug|Any CPU
		Release|Any CPU = Release|Any CPU
	EndGlobalSection
	GlobalSection(ProjectConfigurationPlatforms) = postSolution
		{A6355CF0-4771-4141-9A79-4AC0C173E7BE}.Debug|Any CPU.ActiveCfg = Debug|Any CPU
		{A6355CF0-4771-4141-9A79-4AC0C173E7BE}.Debug|Any CPU.Build.0 = Debug|Any CPU
		{A6355CF0-4771-4141-9A79-4AC0C173E7BE}.Release|Any CPU.ActiveCfg = Release|Any CPU
		{A6355CF0-4771-4141-9A79-4AC0C173E7BE}.Release|Any CPU.Build.0 = Release|Any CPU
		{57CE4032-4469-4B84-B497-5677477C513D}.Debug|Any CPU.ActiveCfg = Debug|Any CPU
		{57CE4032-4469-4B84-B497-5677477C513D}.Debug|Any CPU.Build.0 = Debug|Any CPU
		{57CE4032-4469-4B84-B497-5677477C513D}.Release|Any CPU.ActiveCfg = Release|Any CPU
		{57CE4032-4469-4B84-B497-5677477C513D}.Release|Any CPU.Build.0 = Release|Any CPU
	EndGlobalSection
	GlobalSection(SolutionProperties) = preSolution
		HideSolutionNode = FALSE
	EndGlobalSection
	GlobalSection(ExtensibilityGlobals) = postSolution
		SolutionGuid = {F9B6A308-A107-4CA6-BEAC-36460E4634F4}
	EndGlobalSection
EndGlobal
